version = 1
revision = 3
requires-python = ">=3.11"
resolution-markers = [
    "python_full_version >= '3.14' and sys_platform == 'win32'",
    "python_full_version >= '3.14' and sys_platform == 'emscripten'",
    "python_full_version >= '3.14' and sys_platform != 'emscripten' and sys_platform != 'win32'",
    "python_full_version == '3.13.*' and sys_platform == 'win32'",
    "python_full_version == '3.13.*' and sys_platform == 'emscripten'",
    "python_full_version == '3.13.*' and sys_platform != 'emscripten' and sys_platform != 'win32'",
    "python_full_version == '3.12.*' and sys_platform == 'win32'",
    "python_full_version == '3.12.*' and sys_platform == 'emscripten'",
    "python_full_version == '3.12.*' and sys_platform != 'emscripten' and sys_platform != 'win32'",
    "python_full_version < '3.12' and sys_platform == 'win32'",
    "python_full_version < '3.12' and sys_platform == 'emscripten'",
    "python_full_version < '3.12' and sys_platform != 'emscripten' and sys_platform != 'win32'",
]

[[package]]
name = "googleapis-common-protos"
version = "1.75.0"
source = { registry = "https://pypi.org/simple" }
dependencies = [
    { name = "protobuf" },
]
sdist = { url = "https://files.pythonhosted.org/packages/b5/c8/f439cffde755cffa462bfbb156278fa6f9d09119719af9814b858fd4f81f/googleapis_common_protos-1.75.0.tar.gz", hash = "sha256:53a062ff3c32552fbd62c11fe23768b78e4ddf0494d5e5fd97d3f4689c75fbbd", size = 151035, upload-time = "2026-05-07T08:04:49.423Z" }
wheels = [
    { url = "https://files.pythonhosted.org/packages/e7/c8/e2645aa8ed02fd4c7a2f59d68783b65b1f3cbdfe39a6308e156509d1fee8/googleapis_common_protos-1.75.0-py3-none-any.whl", hash = "sha256:961ed60399c457ceb0ee8f285a84c870aabc9c6a832b9d37bb281b5bebde43ed", size = 300631, upload-time = "2026-05-07T08:03:30.345Z" },
]

[[package]]
name = "opentelemetry-api"
version = "1.45.0"
source = { registry = "https://pypi.org/simple" }
dependencies = [
    { name = "typing-extensions" },
]
sdist = { url = "https://files.pythonhosted.org/packages/1f/dc/e12c1fe1ed8a7b7149777127b1a0e12ce5bd5a81d97408bedc2128c260f5/opentelemetry_api-1.45.0.tar.gz", hash = "sha256:711ede81773c8025c2c03dac0450bc89f3d30aea6eabcc815c570d4e35a963f7", size = 72115, upload-time = "2026-09-25T12:32:28.399Z" }
wheels = [
    { url = "https://files.pythonhosted.org/packages/44/b9/040d1a1c7836922828e6480cd2366bb8fe0ebf75b413d2bb51a9b0e7f78f/opentelemetry_api-1.45.0-py3-none-any.whl", hash = "sha256:80e068aba7cd56c8b58512d6a36f8d25cb1dfaa0c0a4cc1c938ccf9f362d9cb3", size = 60020, upload-time = "2026-09-25T12:32:03.192Z" },
]

[[package]]
name = "opentelemetry-exporter-http-transport"
version = "0.66b0"
source = { registry = "https://pypi.org/simple" }
dependencies = [
    { name = "opentelemetry-api" },
]
sdist = { url = "https://files.pythonhosted.org/packages/5e/31/cbedb10e08c3c932b80f58edf055a16bb48a500c23c617b758fb3ec18f08/opentelemetry_exporter_http_transport-0.66b0.tar.gz", hash = "sha256:2c229b6593eaa22c86d9b8a15843dc23b406dbda00fb138339189aab07923b4e", size = 11694, upload-time = "2026-09-25T12:32:29.689Z" }
wheels = [
    { url = "https://files.pythonhosted.org/packages/b1/65/34d7106eb45acda40f016c5b31b313ffbbf4744acd5f099f29eaf2958b4d/opentelemetry_exporter_http_transport-0.66b0-py3-none-any.whl", hash = "sha256:c82689928a11505a2a0a26a04afe0ce06d270d3db984bc16c1a80ffa902db00e", size = 12156, upload-time = "2026-09-25T12:32:05.621Z" },
]

[package.optional-dependencies]
urllib3 = [
    { name = "urllib3" },
]

[[package]]
name = "opentelemetry-exporter-otlp-common"
version = "0.66b0"
source = { registry = "https://pypi.org/simple" }
dependencies = [
    { name = "opentelemetry-sdk" },
]
sdist = { url = "https://files.pythonhosted.org/packages/68/09/01239cdfe8a414d46ed625b68b6da92666ffd16d93cc6dadf89404b4bd85/opentelemetry_exporter_otlp_common-0.66b0.tar.gz", hash = "sha256:362268ec6aa705e183776ff938539df1e8ce45bc5509d242538b1d40c26fe6a6", size = 14323, upload-time = "2026-09-25T12:32:31.481Z" }
wheels = [
    { url = "https://files.pythonhosted.org/packages/c3/a9/b6a7a9d40ba99ed71b18e17310339024b086578f5f32162df1c1c0cf6270/opentelemetry_exporter_otlp_common-0.66b0-py3-none-any.whl", hash = "sha256:35d24c867310f4713a9738b0202b6bade77955418fccb9e2f7eea01b76263916", size = 12387, upload-time = "2026-09-25T12:32:08.438Z" },
]

[[package]]
name = "opentelemetry-exporter-otlp-proto-common"
version = "1.45.0"
source = { registry = "https://pypi.org/simple" }
dependencies = [
    { name = "opentelemetry-proto" },
]
sdist = { url = "https://files.pythonhosted.org/packages/e5/e0/ee3823dbdc10da15b5750becc37b61194dd7c55e3b56764ecbbe446f659a/opentelemetry_exporter_otlp_proto_common-1.45.0.tar.gz", hash = "sha256:36495115a0c6a7aa946cfda9d59b6ed4e917b6ab0f75cdaf66bc1b176ec1be1f", size = 18870, upload-time = "2026-09-25T12:32:34.141Z" }
wheels = [
    { url = "https://files.pythonhosted.org/packages/f0/bf/3e21917368a81282ce9fc6d085a944dcaea6eed19de7d29cc979375db347/opentelemetry_exporter_otlp_proto_common-1.45.0-py3-none-any.whl", hash = "sha256:7e1410ae6d3ed301f7a74bec96467d519d3f37e52f9d95b309ae125e5a1af863", size = 15394, upload-time = "2026-09-25T12:32:12.663Z" },
]

[[package]]
name = "opentelemetry-exporter-otlp-proto-http"
version = "1.45.0"
source = { registry = "https://pypi.org/simple" }
dependencies = [
    { name = "googleapis-common-protos" },
    { name = "opentelemetry-api" },
    { name = "opentelemetry-exporter-http-transport", extra = ["urllib3"] },
    { name = "opentelemetry-exporter-otlp-common" },
    { name = "opentelemetry-exporter-otlp-proto-common" },
    { name = "opentelemetry-proto" },
    { name = "opentelemetry-sdk" },
    { name = "typing-extensions" },
]
sdist = { url = "https://files.pythonhosted.org/packages/94/78/a503801c1c8f80b1d8aad0e14106a7c57f39344001652a78a683f9a9089e/opentelemetry_exporter_otlp_proto_http-1.45.0.tar.gz", hash = "sha256:2f35496d96809f946f41b8805e6b93aec6c9b71b5fd759b75b6af4c084d992ae", size = 28818, upload-time = "2026-09-25T12:32:35.335Z" }
wheels = [
    { url = "https://files.pythonhosted.org/packages/e7/18/875e0ee47e035f324e42eda9aab47d58381a4412181dca251d3504e24680/opentelemetry_exporter_otlp_proto_http-1.45.0-py3-none-any.whl", hash = "sha256:74385f99266dafdefff41f3da4b76f6dba79d237a9d4487e6ff1ee653c74a0a3", size = 22260, upload-time = "2026-09-25T12:32:14.658Z" },
]

[[package]]
name = "opentelemetry-proto"
version = "1.45.0"
source = { registry = "https://pypi.org/simple" }
dependencies = [
    { name = "protobuf" },
]
sdist = { url = "https://files.pythonhosted.org/packages/72/28/67c38cfb7e2bdfdd0cde7dcdd0424aed0291fbd64aa4ea3e7e913734711a/opentelemetry_proto-1.45.0.tar.gz", hash = "sha256:96ee414f24bc3f61ea8e17dc56b4348d4049d73db3eb17c6b3edf75b5b403300", size = 46489, upload-time = "2026-09-25T12:32:41.409Z" }
wheels = [
    { url = "https://files.pythonhosted.org/packages/6b/45/814d55714507c7ce9c9cd86a4f83ceb5a74ab0bffcc63ff493943f138de2/opentelemetry_proto-1.45.0-py3-none-any.whl", hash = "sha256:9731566359d7b8e1ee1e149d8e4ad6865bab965e657ad3387ec2784d16927666", size = 72486, upload-time = "2026-09-25T12:32:23.36Z" },
]

[[package]]
name = "opentelemetry-sdk"
version = "1.45.0"
source = { registry = "https://pypi.org/simple" }
dependencies = [
    { name = "opentelemetry-api" },
    { name = "opentelemetry-semantic-conventions" },
    { name = "typing-extensions" },
]
sdist = { url = "https://files.pythonhosted.org/packages/ac/ed/ad32d76cc86ebce601105d01d13f8a08d6abc1852eaf69d79cf199bc1ee7/opentelemetry_sdk-1.45.0.tar.gz", hash = "sha256:20caa5130505e386c67c3da1c76e446c842698ced54c76c6148679539aa97972", size = 218337, upload-time = "2026-09-25T12:32:43.591Z" }
wheels = [
    { url = "https://files.pythonhosted.org/packages/8a/ae/46963201ce58d6b86f9e54087a39720a35ac9f57c3a9e440d275995c2b02/opentelemetry_sdk-1.45.0-py3-none-any.whl", hash = "sha256:5dc634c946546f61b757c5b1781f9fd1a10e96ffaf7357c797e508fe9c57e75e", size = 140132, upload-time = "2026-09-25T12:32:25.399Z" },
]

[[package]]
name = "opentelemetry-semantic-conventions"
version = "0.66b0"
source = { registry = "https://pypi.org/simple" }
dependencies = [
    { name = "opentelemetry-api" },
    { name = "typing-extensions" },
]
sdist = { url = "https://files.pythonhosted.org/packages/2e/21/910f085c0b83b80e45c341c7859baef37c877046b2c44c88d5ff2d5db948/opentelemetry_semantic_conventions-0.66b0.tar.gz", hash = "sha256:97a77dce484c54861e7eeff7651fd8a806dd3c30e501dc316730215ec36890e6", size = 150247, upload-time = "2026-09-25T12:32:44.827Z" }
wheels = [
    { url = "https://files.pythonhosted.org/packages/f4/93/2ad416d69c4ca8fd21ebc6894f23f4eda744dc6f43a14d7a9ffd7ed3abbd/opentelemetry_semantic_conventions-0.66b0-py3-none-any.whl", hash = "sha256:175b19dd98c4473f4f43a2b1df59186fd7b4a48cd3f77cbe03438b6d6fda230a", size = 206277, upload-time = "2026-09-25T12:32:26.484Z" },
]

[[package]]
name = "protobuf"
version = "7.35.1"
source = { registry = "https://pypi.org/simple" }
sdist = { url = "https://files.pythonhosted.org/packages/da/01/9ef0afd7999eb9badb3a768b4aedd78c86d4c65cfaf1958ab276199e76b4/protobuf-7.35.1.tar.gz", hash = "sha256:ce115a26fe0c39a2c29973d914d327e516a6455464489fe3cd1e51a1b354f81a", size = 458717, upload-time = "2026-06-11T21:55:40.257Z" }
wheels = [
    { url = "https://files.pythonhosted.org/packages/10/03/8aeeb7458d22546bf64b5250ca1daeb5ff757d900e8e4a7476c6f0db843e/protobuf-7.35.1-cp310-abi3-macosx_10_9_universal2.whl", hash = "sha256:24f857477359a85c0c235261b8ba905fd51b2562f4a64ca1df5473f29850cbf6", size = 433226, upload-time = "2026-06-11T21:55:31.719Z" },
    { url = "https://files.pythonhosted.org/packages/37/4b/dfb89eb0e652a1ff073c39a59fb5e3a83cfe9b57a2c83fa6d78270101767/protobuf-7.35.1-cp310-abi3-manylinux2014_aarch64.whl", hash = "sha256:11d6b0ec246892d85215b0a13ca6e0233cf5284b68f0ac02646427f4ff88a799", size = 328847, upload-time = "2026-06-11T21:55:34.035Z" },
    { url = "https://files.pythonhosted.org/packages/0f/58/dc12f2cd484951524af6e3382c785869b9b3fb5e52ee95ae23add53ee8f9/protobuf-7.35.1-cp310-abi3-manylinux2014_s390x.whl", hash = "sha256:b73f9489a4b8b1c9cb1f8ed951c736392592edb24b9d6819f36d2e10b171d5b4", size = 344030, upload-time = "2026-06-11T21:55:34.941Z" },
    { url = "https://files.pythonhosted.org/packages/e4/be/5b3cfe508bfab6761414ff944e3366eb13be4fd71efcd69450f89ba39f43/protobuf-7.35.1-cp310-abi3-manylinux2014_x86_64.whl", hash = "sha256:74758715c53d7158fb76caf4f0cfdacc5329a4b1bb994f865d6cf302d413a1c4", size = 327130, upload-time = "2026-06-11T21:55:35.921Z" },
    { url = "https://files.pythonhosted.org/packages/d8/bc/6d6c7ba8709c85f8f2c390b2b118d6fb08a783676a572271851bf45a7d22/protobuf-7.35.1-cp310-abi3-win32.whl", hash = "sha256:353652e4efd0bca5b5fc2656abf8307ef351f0cf938c9eba09f0e09c20a25c30", size = 428945, upload-time = "2026-06-11T21:55:37.034Z" },
    { url = "https://files.pythonhosted.org/packages/0a/19/8d0cb6f20a1ef7b18f1c8986ad5783f22f84cce39c6ce9a6e645ea55192e/protobuf-7.35.1-cp310-abi3-win_amd64.whl", hash = "sha256:230a75ddfc2de4806e56696ce9640c1cdfdb6543b7cfce98d42a4c0a0e7bdb87", size = 439996, upload-time = "2026-06-11T21:55:38.123Z" },
    { url = "https://files.pythonhosted.org/packages/19/c7/5f7c636ec43e0c545e28d1f1db71990108306f7bdcb89f069ba97e428e7f/protobuf-7.35.1-py3-none-any.whl", hash = "sha256:4bc97768d8fe4ad6743c8a19403e314511ed9f6d13205b687e52421c023ac1b9", size = 171659, upload-time = "2026-06-11T21:55:39.155Z" },
]

[[package]]
name = "tessary-classifiers"
version = "0.1.0"
source = { virtual = "." }

[package.optional-dependencies]
otlp = [
    { name = "opentelemetry-exporter-otlp-proto-http" },
    { name = "opentelemetry-sdk" },
]

[package.metadata]
requires-dist = [
    { name = "opentelemetry-exporter-otlp-proto-http", marker = "extra == 'otlp'", specifier = ">=1.27" },
    { name = "opentelemetry-sdk", marker = "extra == 'otlp'", specifier = ">=1.27" },
]
provides-extras = ["otlp"]

[[package]]
name = "typing-extensions"
version = "4.16.0"
source = { registry = "https://pypi.org/simple" }
sdist = { url = "https://files.pythonhosted.org/packages/f6/cc/6253133b5bb138fc3306cebfbda2c520f545d36b5be2c7255cc528bb45d6/typing_extensions-4.16.0.tar.gz", hash = "sha256:dc983d19a509c94dba722ee6abd33940f7c05a89e243c47e907eb4db6f1a43e5", size = 113555, upload-time = "2026-07-02T08:40:05.92Z" }
wheels = [
    { url = "https://files.pythonhosted.org/packages/49/d3/b8441a820a491ddfc024b0b0cf0393375b75ea13866d9c66727e54c2fc80/typing_extensions-4.16.0-py3-none-any.whl", hash = "sha256:481caa481374e813c1b176ada14e97f1f67a4539ce9cfeb3f350d78d6370c2e8", size = 45571, upload-time = "2026-07-02T08:40:04.659Z" },
]

[[package]]
name = "urllib3"
version = "2.7.0"
source = { registry = "https://pypi.org/simple" }
sdist = { url = "https://files.pythonhosted.org/packages/53/0c/06f8b233b8fd13b9e5ee11424ef85419ba0d8ba0b3138bf360be2ff56953/urllib3-2.7.0.tar.gz", hash = "sha256:231e0ec3b63ceb14667c67be60f2f2c40a518cb38b03af60abc813da26505f4c", size = 433602, upload-time = "2026-05-07T16:13:18.596Z" }
wheels = [
    { url = "https://files.pythonhosted.org/packages/7f/3e/5db95bcf282c52709639744ca2a8b149baccf648e39c8cc87553df9eae0c/urllib3-2.7.0-py3-none-any.whl", hash = "sha256:9fb4c81ebbb1ce9531cce37674bbc6f1360472bc18ca9a553ede278ef7276897", size = 131087, upload-time = "2026-05-07T16:13:17.151Z" },
]
